
Microsoft Visual Studio Solution File, Format Version 12.00
# Visual Studio Version 17
VisualStudioVersion = 17.8.34408.163
MinimumVisualStudioVersion = 10.0.40219.1
Project("{FAE04EC0-301F-11D3-BF4B-00C04F79EFBC}") = "ProgettoDT", "ProgettoDT.csproj", "{BFD72641-19F4-4699-B33E-77315869E3BC}"
EndProject
Global
	GlobalSection(SolutionConfigurationPlatforms) = preSolution
		Debug|Any CPU = Debug|Any CPU
		Release|Any CPU = Release|Any CPU
	EndGlobalSection
	GlobalSection(ProjectConfigurationPlatforms) = postSolution
		{BFD72641-19F4-4699-B33E-77315869E3BC}.Debug|Any CPU.ActiveCfg = Debug|Any CPU
		{BFD72641-19F4-4699-B33E-77315869E3BC}.Debug|Any CPU.Build.0 = Debug|Any CPU
		{BFD72641-19F4-4699-B33E-77315869E3BC}.Release|Any CPU.ActiveCfg = Release|Any CPU
		{BFD72641-19F4-4699-B33E-77315869E3BC}.Release|Any CPU.Build.0 = Release|Any CPU
	EndGlobalSection
	GlobalSection(SolutionProperties) = preSolution
		HideSolutionNode = FALSE
	EndGlobalSection
	GlobalSection(ExtensibilityGlobals) = postSolution
		SolutionGuid = {3D9BBBA4-D10F-4E45-A309-9CB4A974C892}
	EndGlobalSection
EndGlobal
